
Microsoft Visual Studio Solution File, Format Version 12.00
# Visual Studio Version 16
VisualStudioVersion = 16.0.34031.81
MinimumVisualStudioVersion = 10.0.40219.1
Project("{FAE04EC0-301F-11D3-BF4B-00C04F79EFBC}") = "Vidyasagar", "Vidyasagar\Vidyasagar.csproj", "{3CEE3CAF-A5C3-4760-94F0-3B47CC07CFED}"
EndProject
Global
	GlobalSection(SolutionConfigurationPlatforms) = preSolution
		Debug|Any CPU = Debug|Any CPU
		Release|Any CPU = Release|Any CPU
	EndGlobalSection
	GlobalSection(ProjectConfigurationPlatforms) = postSolution
		{3CEE3CAF-A5C3-4760-94F0-3B47CC07CFED}.Debug|Any CPU.ActiveCfg = Debug|Any CPU
		{3CEE3CAF-A5C3-4760-94F0-3B47CC07CFED}.Debug|Any CPU.Build.0 = Debug|Any CPU
		{3CEE3CAF-A5C3-4760-94F0-3B47CC07CFED}.Release|Any CPU.ActiveCfg = Release|Any CPU
		{3CEE3CAF-A5C3-4760-94F0-3B47CC07CFED}.Release|Any CPU.Build.0 = Release|Any CPU
	EndGlobalSection
	GlobalSection(SolutionProperties) = preSolution
		HideSolutionNode = FALSE
	EndGlobalSection
	GlobalSection(ExtensibilityGlobals) = postSolution
		SolutionGuid = {42CFD6A8-0B32-497C-97A3-0BADADB58873}
	EndGlobalSection
EndGlobal
